
Microsoft Visual Studio Solution File, Format Version 12.00
# Visual Studio Version 17
VisualStudioVersion = 17.14.36908.2 d17.14
MinimumVisualStudioVersion = 10.0.40219.1
Project("{FAE04EC0-301F-11D3-BF4B-00C04F79EFBC}") = "Task1", "delegates_hw_app\Task1.csproj", "{01697EE0-0BD1-44D6-BDAD-8356217BEBE7}"
EndProject
Project("{FAE04EC0-301F-11D3-BF4B-00C04F79EFBC}") = "Task2", "Task2\Task2.csproj", "{C291C919-03B1-4C1F-9DF4-A3B3190B2863}"
EndProject
Project("{FAE04EC0-301F-11D3-BF4B-00C04F79EFBC}") = "Task3", "Task3\Task3.csproj", "{6BA6E247-F63F-4581-A76F-71B5934E2932}"
EndProject
Project("{FAE04EC0-301F-11D3-BF4B-00C04F79EFBC}") = "Task4", "Task4\Task4.csproj", "{41958821-F7F5-4876-A533-7CEF4E499B0A}"
EndProject
Global
	GlobalSection(SolutionConfigurationPlatforms) = preSolution
		Debug|Any CPU = Debug|Any CPU
		Release|Any CPU = Release|Any CPU
	EndGlobalSection
	GlobalSection(ProjectConfigurationPlatforms) = postSolution
		{01697EE0-0BD1-44D6-BDAD-8356217BEBE7}.Debug|Any CPU.ActiveCfg = Debug|Any CPU
		{01697EE0-0BD1-44D6-BDAD-8356217BEBE7}.Debug|Any CPU.Build.0 = Debug|Any CPU
		{01697EE0-0BD1-44D6-BDAD-8356217BEBE7}.Release|Any CPU.ActiveCfg = Release|Any CPU
		{01697EE0-0BD1-44D6-BDAD-8356217BEBE7}.Release|Any CPU.Build.0 = Release|Any CPU
		{C291C919-03B1-4C1F-9DF4-A3B3190B2863}.Debug|Any CPU.ActiveCfg = Debug|Any CPU
		{C291C919-03B1-4C1F-9DF4-A3B3190B2863}.Debug|Any CPU.Build.0 = Debug|Any CPU
		{C291C919-03B1-4C1F-9DF4-A3B3190B2863}.Release|Any CPU.ActiveCfg = Release|Any CPU
		{C291C919-03B1-4C1F-9DF4-A3B3190B2863}.Release|Any CPU.Build.0 = Release|Any CPU
		{6BA6E247-F63F-4581-A76F-71B5934E2932}.Debug|Any CPU.ActiveCfg = Debug|Any CPU
		{6BA6E247-F63F-4581-A76F-71B5934E2932}.Debug|Any CPU.Build.0 = Debug|Any CPU
		{6BA6E247-F63F-4581-A76F-71B5934E2932}.Release|Any CPU.ActiveCfg = Release|Any CPU
		{6BA6E247-F63F-4581-A76F-71B5934E2932}.Release|Any CPU.Build.0 = Release|Any CPU
		{41958821-F7F5-4876-A533-7CEF4E499B0A}.Debug|Any CPU.ActiveCfg = Debug|Any CPU
		{41958821-F7F5-4876-A533-7CEF4E499B0A}.Debug|Any CPU.Build.0 = Debug|Any CPU
		{41958821-F7F5-4876-A533-7CEF4E499B0A}.Release|Any CPU.ActiveCfg = Release|Any CPU
		{41958821-F7F5-4876-A533-7CEF4E499B0A}.Release|Any CPU.Build.0 = Release|Any CPU
	EndGlobalSection
	GlobalSection(SolutionProperties) = preSolution
		HideSolutionNode = FALSE
	EndGlobalSection
	GlobalSection(ExtensibilityGlobals) = postSolution
		SolutionGuid = {5ACEEC41-E1F7-4749-BB1E-CCB58DF381BB}
	EndGlobalSection
EndGlobal
